
Microsoft Visual Studio Solution File, Format Version 12.00
# Visual Studio Version 17
VisualStudioVersion = 17.14.36414.22 d17.14
MinimumVisualStudioVersion = 10.0.40219.1
Project("{FAE04EC0-301F-11D3-BF4B-00C04F79EFBC}") = "BookApi", "BookApi\BookApi.csproj", "{6FA1223F-714C-4FB8-B14A-E10EE6A3ED6F}"
EndProject
Global
	GlobalSection(SolutionConfigurationPlatforms) = preSolution
		Debug|Any CPU = Debug|Any CPU
		Release|Any CPU = Release|Any CPU
	EndGlobalSection
	GlobalSection(ProjectConfigurationPlatforms) = postSolution
		{6FA1223F-714C-4FB8-B14A-E10EE6A3ED6F}.Debug|Any CPU.ActiveCfg = Debug|Any CPU
		{6FA1223F-714C-4FB8-B14A-E10EE6A3ED6F}.Debug|Any CPU.Build.0 = Debug|Any CPU
		{6FA1223F-714C-4FB8-B14A-E10EE6A3ED6F}.Release|Any CPU.ActiveCfg = Release|Any CPU
		{6FA1223F-714C-4FB8-B14A-E10EE6A3ED6F}.Release|Any CPU.Build.0 = Release|Any CPU
	EndGlobalSection
	GlobalSection(SolutionProperties) = preSolution
		HideSolutionNode = FALSE
	EndGlobalSection
	GlobalSection(ExtensibilityGlobals) = postSolution
		SolutionGuid = {BE0795F1-11D1-4DE3-AEDE-8565F37E2E73}
	EndGlobalSection
EndGlobal
